
Microsoft Visual Studio Solution File, Format Version 12.00
# Visual Studio Version 16
VisualStudioVersion = 16.0.28803.352
MinimumVisualStudioVersion = 10.0.40219.1
Project("{FAE04EC0-301F-11D3-BF4B-00C04F79EFBC}") = "AdobeReset", "AdobeReset\AdobeReset.csproj", "{E4567F7F-9F01-4FB1-BEB1-AE32BF276C50}"
EndProject
Global
	GlobalSection(SolutionConfigurationPlatforms) = preSolution
		Debug|Any CPU = Debug|Any CPU
		Release|Any CPU = Release|Any CPU
	EndGlobalSection
	GlobalSection(ProjectConfigurationPlatforms) = postSolution
		{E4567F7F-9F01-4FB1-BEB1-AE32BF276C50}.Debug|Any CPU.ActiveCfg = Debug|Any CPU
		{E4567F7F-9F01-4FB1-BEB1-AE32BF276C50}.Debug|Any CPU.Build.0 = Debug|Any CPU
		{E4567F7F-9F01-4FB1-BEB1-AE32BF276C50}.Release|Any CPU.ActiveCfg = Release|Any CPU
		{E4567F7F-9F01-4FB1-BEB1-AE32BF276C50}.Release|Any CPU.Build.0 = Release|Any CPU
	EndGlobalSection
	GlobalSection(SolutionProperties) = preSolution
		HideSolutionNode = FALSE
	EndGlobalSection
	GlobalSection(ExtensibilityGlobals) = postSolution
		SolutionGuid = {FBFB6371-B1D3-4076-8E8C-1A37405706D0}
	EndGlobalSection
EndGlobal
